Microsoft Visual Studio Solution File, Format Version 12.00
# Visual Studio Version 17
VisualStudioVersion = 17.0.32014.148
MinimumVisualStudioVersion = 10.0.40219.1
Project("{9A19103F-16F7-4668-BE54-9A1E7A4F7556}") = "EventsModel", "EventsModel\EventsModel.csproj", "{78741322-A352-4239-8D26-4FA87888C322}"
EndProject
Project("{9A19103F-16F7-4668-BE54-9A1E7A4F7556}") = "TestApp", "TestApp\TestApp.csproj", "{C3C33EA3-BA6A-4533-849E-BC5079193B8D}"
EndProject
Project("{9A19103F-16F7-4668-BE54-9A1E7A4F7556}") = "EventsModelDocs", "EventsModelDocs\EventsModelDocs.csproj", "{D36B133C-EDA4-4055-89F5-CB3936612BC6}"
EndProject
Project("{FAE04EC0-301F-11D3-BF4B-00C04F79EFBC}") = "BrokerClient48", "BrokerClient48\BrokerClient48.csproj", "{8C402A3A-2560-4F6C-B46A-E924E8AB17D7}"
EndProject
Global
	GlobalSection(SolutionConfigurationPlatforms) = preSolution
		Debug|Any CPU = Debug|Any CPU
		Release|Any CPU = Release|Any CPU
	EndGlobalSection
	GlobalSection(ProjectConfigurationPlatforms) = postSolution
		{78741322-A352-4239-8D26-4FA87888C322}.Debug|Any CPU.ActiveCfg = Debug|Any CPU
		{78741322-A352-4239-8D26-4FA87888C322}.Debug|Any CPU.Build.0 = Debug|Any CPU
		{78741322-A352-4239-8D26-4FA87888C322}.Release|Any CPU.ActiveCfg = Release|Any CPU
		{78741322-A352-4239-8D26-4FA87888C322}.Release|Any CPU.Build.0 = Release|Any CPU
		{C3C33EA3-BA6A-4533-849E-BC5079193B8D}.Debug|Any CPU.ActiveCfg = Debug|Any CPU
		{C3C33EA3-BA6A-4533-849E-BC5079193B8D}.Debug|Any CPU.Build.0 = Debug|Any CPU
		{C3C33EA3-BA6A-4533-849E-BC5079193B8D}.Release|Any CPU.ActiveCfg = Release|Any CPU
		{C3C33EA3-BA6A-4533-849E-BC5079193B8D}.Release|Any CPU.Build.0 = Release|Any CPU
		{D36B133C-EDA4-4055-89F5-CB3936612BC6}.Debug|Any CPU.ActiveCfg = Debug|Any CPU
		{D36B133C-EDA4-4055-89F5-CB3936612BC6}.Debug|Any CPU.Build.0 = Debug|Any CPU
		{D36B133C-EDA4-4055-89F5-CB3936612BC6}.Release|Any CPU.ActiveCfg = Release|Any CPU
		{D36B133C-EDA4-4055-89F5-CB3936612BC6}.Release|Any CPU.Build.0 = Release|Any CPU
		{8C402A3A-2560-4F6C-B46A-E924E8AB17D7}.Debug|Any CPU.ActiveCfg = Debug|Any CPU
		{8C402A3A-2560-4F6C-B46A-E924E8AB17D7}.Debug|Any CPU.Build.0 = Debug|Any CPU
		{8C402A3A-2560-4F6C-B46A-E924E8AB17D7}.Release|Any CPU.ActiveCfg = Release|Any CPU
		{8C402A3A-2560-4F6C-B46A-E924E8AB17D7}.Release|Any CPU.Build.0 = Release|Any CPU
	EndGlobalSection
	GlobalSection(SolutionProperties) = preSolution
		HideSolutionNode = FALSE
	EndGlobalSection
	GlobalSection(ExtensibilityGlobals) = postSolution
		SolutionGuid = {7059A653-5F3B-4B4F-9497-D0BB31280E7C}
	EndGlobalSection
EndGlobal
